
Microsoft Visual Studio Solution File, Format Version 12.00
# Visual Studio 14
VisualStudioVersion = 14.0.22310.1
MinimumVisualStudioVersion = 10.0.40219.1
Project("{2150E333-8FDC-42A3-9474-1A3956D46DE8}") = "Engine", "Engine", "{4ACEEC0F-F400-4597-9F87-7C50C0D0C799}"
EndProject
Project("{2150E333-8FDC-42A3-9474-1A3956D46DE8}") = "Games", "Games", "{AA9503F5-6D34-461D-81B8-B9BA75D24879}"
EndProject
Project("{8BC9CEB8-8B4A-11D0-8D11-00A0C91BC942}") = "UE4", "Intermediate\ProjectFiles\UE4.vcxproj", "{A8ACB714-B676-42D5-9538-A876DF39709E}"
EndProject
Project("{8BC9CEB8-8B4A-11D0-8D11-00A0C91BC942}") = "MyProject2", "Intermediate\ProjectFiles\MyProject2.vcxproj", "{DE9554A7-602A-438E-991F-C284F20CB3A6}"
EndProject
Global
	GlobalSection(SolutionConfigurationPlatforms) = preSolution
		DebugGame Editor|Win32 = DebugGame Editor|Win32
		DebugGame Editor|Win64 = DebugGame Editor|Win64
		DebugGame|Win32 = DebugGame|Win32
		DebugGame|Win64 = DebugGame|Win64
		Development Editor|Win32 = Development Editor|Win32
		Development Editor|Win64 = Development Editor|Win64
		Development|Win32 = Development|Win32
		Development|Win64 = Development|Win64
		Shipping|Win32 = Shipping|Win32
		Shipping|Win64 = Shipping|Win64
	EndGlobalSection
	GlobalSection(ProjectConfigurationPlatforms) = postSolution
		{DE9554A7-602A-438E-991F-C284F20CB3A6}.DebugGame Editor|Win32.ActiveCfg = DebugGame_Editor|Win32
		{DE9554A7-602A-438E-991F-C284F20CB3A6}.DebugGame Editor|Win32.Build.0 = DebugGame_Editor|Win32
		{DE9554A7-602A-438E-991F-C284F20CB3A6}.DebugGame Editor|Win64.ActiveCfg = DebugGame_Editor|x64
		{DE9554A7-602A-438E-991F-C284F20CB3A6}.DebugGame Editor|Win64.Build.0 = DebugGame_Editor|x64
		{DE9554A7-602A-438E-991F-C284F20CB3A6}.DebugGame|Win32.ActiveCfg = DebugGame_Game|Win32
		{DE9554A7-602A-438E-991F-C284F20CB3A6}.DebugGame|Win32.Build.0 = DebugGame_Game|Win32
		{DE9554A7-602A-438E-991F-C284F20CB3A6}.DebugGame|Win64.ActiveCfg = DebugGame_Game|x64
		{DE9554A7-602A-438E-991F-C284F20CB3A6}.DebugGame|Win64.Build.0 = DebugGame_Game|x64
		{DE9554A7-602A-438E-991F-C284F20CB3A6}.Development Editor|Win32.ActiveCfg = Development_Editor|Win32
		{DE9554A7-602A-438E-991F-C284F20CB3A6}.Development Editor|Win32.Build.0 = Development_Editor|Win32
		{DE9554A7-602A-438E-991F-C284F20CB3A6}.Development Editor|Win64.ActiveCfg = Development_Editor|x64
		{DE9554A7-602A-438E-991F-C284F20CB3A6}.Development Editor|Win64.Build.0 = Development_Editor|x64
		{DE9554A7-602A-438E-991F-C284F20CB3A6}.Development|Win32.ActiveCfg = Development_Game|Win32
		{DE9554A7-602A-438E-991F-C284F20CB3A6}.Development|Win32.Build.0 = Development_Game|Win32
		{DE9554A7-602A-438E-991F-C284F20CB3A6}.Development|Win64.ActiveCfg = Development_Game|x64
		{DE9554A7-602A-438E-991F-C284F20CB3A6}.Development|Win64.Build.0 = Development_Game|x64
		{DE9554A7-602A-438E-991F-C284F20CB3A6}.Shipping|Win32.ActiveCfg = Shipping_Game|Win32
		{DE9554A7-602A-438E-991F-C284F20CB3A6}.Shipping|Win32.Build.0 = Shipping_Game|Win32
		{DE9554A7-602A-438E-991F-C284F20CB3A6}.Shipping|Win64.ActiveCfg = Shipping_Game|x64
		{DE9554A7-602A-438E-991F-C284F20CB3A6}.Shipping|Win64.Build.0 = Shipping_Game|x64
	EndGlobalSection
	GlobalSection(SolutionProperties) = preSolution
		HideSolutionNode = FALSE
	EndGlobalSection
	GlobalSection(NestedProjects) = preSolution
		{A8ACB714-B676-42D5-9538-A876DF39709E} = {4ACEEC0F-F400-4597-9F87-7C50C0D0C799}
		{DE9554A7-602A-438E-991F-C284F20CB3A6} = {AA9503F5-6D34-461D-81B8-B9BA75D24879}
	EndGlobalSection
EndGlobal
